PODS:
  - AppAuth (1.6.2):
    - AppAuth/Core (= 1.6.2)
    - AppAuth/ExternalUserAgent (= 1.6.2)
  - AppAuth/Core (1.6.2)
  - AppAuth/ExternalUserAgent (1.6.2):
    - AppAuth/Core
  - boost (1.76.0)
  - DoubleConversion (1.1.6)
  - FBLazyVector (0.71.6)
  - FBReactNativeSpec (0.71.6):
    - RCT-Folly (= 2021.07.22.00)
    - RCTRequired (= 0.71.6)
    - RCTTypeSafety (= 0.71.6)
    - React-Core (= 0.71.6)
    - React-jsi (= 0.71.6)
    - ReactCommon/turbomodule/core (= 0.71.6)
  - FBSDKCoreKit (8.2.0):
    - FBSDKCoreKit/Basics (= 8.2.0)
    - FBSDKCoreKit/Core (= 8.2.0)
  - FBSDKCoreKit/Basics (8.2.0)
  - FBSDKCoreKit/Core (8.2.0):
    - FBSDKCoreKit/Basics
  - FBSDKLoginKit (8.2.0):
    - FBSDKLoginKit/Login (= 8.2.0)
  - FBSDKLoginKit/Login (8.2.0):
    - FBSDKCoreKit (~> 8.2.0)
  - FBSDKShareKit (8.2.0):
    - FBSDKShareKit/Share (= 8.2.0)
  - FBSDKShareKit/Share (8.2.0):
    - FBSDKCoreKit (~> 8.2.0)
  - Firebase (10.19.0):
    - Firebase/Core (= 10.19.0)
  - Firebase/Core (10.19.0):
    - Firebase/CoreOnly
    - FirebaseAnalytics (~> 10.19.0)
  - Firebase/CoreOnly (10.19.0):
    - FirebaseCore (= 10.19.0)
  - Firebase/DynamicLinks (10.19.0):
    - Firebase/CoreOnly
    - FirebaseDynamicLinks (~> 10.19.0)
  - Firebase/Messaging (10.19.0):
    - Firebase/CoreOnly
    - FirebaseMessaging (~> 10.19.0)
  - FirebaseAnalytics (10.19.0):
    - FirebaseAnalytics/AdIdSupport (= 10.19.0)
    - FirebaseCore (~> 10.0)
    - FirebaseInstallations (~> 10.0)
    - GoogleUtilities/AppDelegateSwizzler (~> 7.11)
    - GoogleUtilities/MethodSwizzler (~> 7.11)
    - GoogleUtilities/Network (~> 7.11)
    - "GoogleUtilities/NSData+zlib (~> 7.11)"
    - nanopb (< 2.30910.0, >= 2.30908.0)
  - FirebaseAnalytics/AdIdSupport (10.19.0):
    - FirebaseCore (~> 10.0)
    - FirebaseInstallations (~> 10.0)
    - GoogleAppMeasurement (= 10.19.0)
    - GoogleUtilities/AppDelegateSwizzler (~> 7.11)
    - GoogleUtilities/MethodSwizzler (~> 7.11)
    - GoogleUtilities/Network (~> 7.11)
    - "GoogleUtilities/NSData+zlib (~> 7.11)"
    - nanopb (< 2.30910.0, >= 2.30908.0)
  - FirebaseCore (10.19.0):
    - FirebaseCoreInternal (~> 10.0)
    - GoogleUtilities/Environment (~> 7.12)
    - GoogleUtilities/Logger (~> 7.12)
  - FirebaseCoreExtension (10.19.0):
    - FirebaseCore (~> 10.0)
  - FirebaseCoreInternal (10.21.0):
    - "GoogleUtilities/NSData+zlib (~> 7.8)"
  - FirebaseDynamicLinks (10.19.0):
    - FirebaseCore (~> 10.0)
  - FirebaseInstallations (10.21.0):
    - FirebaseCore (~> 10.0)
    - GoogleUtilities/Environment (~> 7.8)
    - GoogleUtilities/UserDefaults (~> 7.8)
    - PromisesObjC (~> 2.1)
  - FirebaseMessaging (10.19.0):
    - FirebaseCore (~> 10.0)
    - FirebaseInstallations (~> 10.0)
    - GoogleDataTransport (~> 9.3)
    - GoogleUtilities/AppDelegateSwizzler (~> 7.8)
    - GoogleUtilities/Environment (~> 7.8)
    - GoogleUtilities/Reachability (~> 7.8)
    - GoogleUtilities/UserDefaults (~> 7.8)
    - nanopb (< 2.30910.0, >= 2.30908.0)
  - fmt (6.2.1)
  - glog (0.3.5)
  - GoogleAppMeasurement (10.19.0):
    - GoogleAppMeasurement/AdIdSupport (= 10.19.0)
    - GoogleUtilities/AppDelegateSwizzler (~> 7.11)
    - GoogleUtilities/MethodSwizzler (~> 7.11)
    - GoogleUtilities/Network (~> 7.11)
    - "GoogleUtilities/NSData+zlib (~> 7.11)"
    - nanopb (< 2.30910.0, >= 2.30908.0)
  - GoogleAppMeasurement/AdIdSupport (10.19.0):
    - GoogleAppMeasurement/WithoutAdIdSupport (= 10.19.0)
    - GoogleUtilities/AppDelegateSwizzler (~> 7.11)
    - GoogleUtilities/MethodSwizzler (~> 7.11)
    - GoogleUtilities/Network (~> 7.11)
    - "GoogleUtilities/NSData+zlib (~> 7.11)"
    - nanopb (< 2.30910.0, >= 2.30908.0)
  - GoogleAppMeasurement/WithoutAdIdSupport (10.19.0):
    - GoogleUtilities/AppDelegateSwizzler (~> 7.11)
    - GoogleUtilities/MethodSwizzler (~> 7.11)
    - GoogleUtilities/Network (~> 7.11)
    - "GoogleUtilities/NSData+zlib (~> 7.11)"
    - nanopb (< 2.30910.0, >= 2.30908.0)
  - GoogleDataTransport (9.3.0):
    - GoogleUtilities/Environment (~> 7.7)
    - nanopb (< 2.30910.0, >= 2.30908.0)
    - PromisesObjC (< 3.0, >= 1.2)
  - GoogleSignIn (6.2.4):
    - AppAuth (~> 1.5)
    - GTMAppAuth (~> 1.3)
    - GTMSessionFetcher/Core (< 3.0, >= 1.1)
  - GoogleUtilities (7.12.0):
    - GoogleUtilities/AppDelegateSwizzler (= 7.12.0)
    - GoogleUtilities/Environment (= 7.12.0)
    - GoogleUtilities/ISASwizzler (= 7.12.0)
    - GoogleUtilities/Logger (= 7.12.0)
    - GoogleUtilities/MethodSwizzler (= 7.12.0)
    - GoogleUtilities/Network (= 7.12.0)
    - "GoogleUtilities/NSData+zlib (= 7.12.0)"
    - GoogleUtilities/Reachability (= 7.12.0)
    - GoogleUtilities/SwizzlerTestHelpers (= 7.12.0)
    - GoogleUtilities/UserDefaults (= 7.12.0)
  - GoogleUtilities/AppDelegateSwizzler (7.12.0):
    - GoogleUtilities/Environment
    - GoogleUtilities/Logger
    - GoogleUtilities/Network
  - GoogleUtilities/Environment (7.12.0):
    - PromisesObjC (< 3.0, >= 1.2)
  - GoogleUtilities/ISASwizzler (7.12.0)
  - GoogleUtilities/Logger (7.12.0):
    - GoogleUtilities/Environment
  - GoogleUtilities/MethodSwizzler (7.12.0):
    - GoogleUtilities/Logger
  - GoogleUtilities/Network (7.12.0):
    - GoogleUtilities/Logger
    - "GoogleUtilities/NSData+zlib"
    - GoogleUtilities/Reachability
  - "GoogleUtilities/NSData+zlib (7.12.0)"
  - GoogleUtilities/Reachability (7.12.0):
    - GoogleUtilities/Logger
  - GoogleUtilities/SwizzlerTestHelpers (7.12.0):
    - GoogleUtilities/MethodSwizzler
  - GoogleUtilities/UserDefaults (7.12.0):
    - GoogleUtilities/Logger
  - GTMAppAuth (1.3.1):
    - AppAuth/Core (~> 1.6)
    - GTMSessionFetcher/Core (< 3.0, >= 1.5)
  - GTMSessionFetcher/Core (2.3.0)
  - lottie-ios (4.3.4)
  - lottie-react-native (6.5.0):
    - lottie-ios (~> 4.3.3)
    - React-Core
  - nanopb (2.30909.1):
    - nanopb/decode (= 2.30909.1)
    - nanopb/encode (= 2.30909.1)
  - nanopb/decode (2.30909.1)
  - nanopb/encode (2.30909.1)
  - PromisesObjC (2.4.0)
  - RCT-Folly (2021.07.22.00):
    - boost
    - DoubleConversion
    - fmt (~> 6.2.1)
    - glog
    - RCT-Folly/Default (= 2021.07.22.00)
  - RCT-Folly/Default (2021.07.22.00):
    - boost
    - DoubleConversion
    - fmt (~> 6.2.1)
    - glog
  - RCTRequired (0.71.6)
  - RCTTypeSafety (0.71.6):
    - FBLazyVector (= 0.71.6)
    - RCTRequired (= 0.71.6)
    - React-Core (= 0.71.6)
  - React (0.71.6):
    - React-Core (= 0.71.6)
    - React-Core/DevSupport (= 0.71.6)
    - React-Core/RCTWebSocket (= 0.71.6)
    - React-RCTActionSheet (= 0.71.6)
    - React-RCTAnimation (= 0.71.6)
    - React-RCTBlob (= 0.71.6)
    - React-RCTImage (= 0.71.6)
    - React-RCTLinking (= 0.71.6)
    - React-RCTNetwork (= 0.71.6)
    - React-RCTSettings (= 0.71.6)
    - React-RCTText (= 0.71.6)
    - React-RCTVibration (= 0.71.6)
  - React-callinvoker (0.71.6)
  - React-Codegen (0.71.6):
    - FBReactNativeSpec
    - RCT-Folly
    - RCTRequired
    - RCTTypeSafety
    - React-Core
    - React-jsc
    - React-jsi
    - React-jsiexecutor
    - ReactCommon/turbomodule/bridging
    - ReactCommon/turbomodule/core
  - React-Core (0.71.6):
    - glog
    - RCT-Folly (= 2021.07.22.00)
    - React-Core/Default (= 0.71.6)
    - React-cxxreact (= 0.71.6)
    - React-jsc
    - React-jsi (= 0.71.6)
    - React-jsiexecutor (= 0.71.6)
    - React-perflogger (= 0.71.6)
    - Yoga
  - React-Core/CoreModulesHeaders (0.71.6):
    - glog
    - RCT-Folly (= 2021.07.22.00)
    - React-Core/Default
    - React-cxxreact (= 0.71.6)
    - React-jsc
    - React-jsi (= 0.71.6)
    - React-jsiexecutor (= 0.71.6)
    - React-perflogger (= 0.71.6)
    - Yoga
  - React-Core/Default (0.71.6):
    - glog
    - RCT-Folly (= 2021.07.22.00)
    - React-cxxreact (= 0.71.6)
    - React-jsc
    - React-jsi (= 0.71.6)
    - React-jsiexecutor (= 0.71.6)
    - React-perflogger (= 0.71.6)
    - Yoga
  - React-Core/DevSupport (0.71.6):
    - glog
    - RCT-Folly (= 2021.07.22.00)
    - React-Core/Default (= 0.71.6)
    - React-Core/RCTWebSocket (= 0.71.6)
    - React-cxxreact (= 0.71.6)
    - React-jsc
    - React-jsi (= 0.71.6)
    - React-jsiexecutor (= 0.71.6)
    - React-jsinspector (= 0.71.6)
    - React-perflogger (= 0.71.6)
    - Yoga
  - React-Core/RCTActionSheetHeaders (0.71.6):
    - glog
    - RCT-Folly (= 2021.07.22.00)
    - React-Core/Default
    - React-cxxreact (= 0.71.6)
    - React-jsc
    - React-jsi (= 0.71.6)
    - React-jsiexecutor (= 0.71.6)
    - React-perflogger (= 0.71.6)
    - Yoga
  - React-Core/RCTAnimationHeaders (0.71.6):
    - glog
    - RCT-Folly (= 2021.07.22.00)
    - React-Core/Default
    - React-cxxreact (= 0.71.6)
    - React-jsc
    - React-jsi (= 0.71.6)
    - React-jsiexecutor (= 0.71.6)
    - React-perflogger (= 0.71.6)
    - Yoga
  - React-Core/RCTBlobHeaders (0.71.6):
    - glog
    - RCT-Folly (= 2021.07.22.00)
    - React-Core/Default
    - React-cxxreact (= 0.71.6)
    - React-jsc
    - React-jsi (= 0.71.6)
    - React-jsiexecutor (= 0.71.6)
    - React-perflogger (= 0.71.6)
    - Yoga
  - React-Core/RCTImageHeaders (0.71.6):
    - glog
    - RCT-Folly (= 2021.07.22.00)
    - React-Core/Default
    - React-cxxreact (= 0.71.6)
    - React-jsc
    - React-jsi (= 0.71.6)
    - React-jsiexecutor (= 0.71.6)
    - React-perflogger (= 0.71.6)
    - Yoga
  - React-Core/RCTLinkingHeaders (0.71.6):
    - glog
    - RCT-Folly (= 2021.07.22.00)
    - React-Core/Default
    - React-cxxreact (= 0.71.6)
    - React-jsc
    - React-jsi (= 0.71.6)
    - React-jsiexecutor (= 0.71.6)
    - React-perflogger (= 0.71.6)
    - Yoga
  - React-Core/RCTNetworkHeaders (0.71.6):
    - glog
    - RCT-Folly (= 2021.07.22.00)
    - React-Core/Default
    - React-cxxreact (= 0.71.6)
    - React-jsc
    - React-jsi (= 0.71.6)
    - React-jsiexecutor (= 0.71.6)
    - React-perflogger (= 0.71.6)
    - Yoga
  - React-Core/RCTSettingsHeaders (0.71.6):
    - glog
    - RCT-Folly (= 2021.07.22.00)
    - React-Core/Default
    - React-cxxreact (= 0.71.6)
    - React-jsc
    - React-jsi (= 0.71.6)
    - React-jsiexecutor (= 0.71.6)
    - React-perflogger (= 0.71.6)
    - Yoga
  - React-Core/RCTTextHeaders (0.71.6):
    - glog
    - RCT-Folly (= 2021.07.22.00)
    - React-Core/Default
    - React-cxxreact (= 0.71.6)
    - React-jsc
    - React-jsi (= 0.71.6)
    - React-jsiexecutor (= 0.71.6)
    - React-perflogger (= 0.71.6)
    - Yoga
  - React-Core/RCTVibrationHeaders (0.71.6):
    - glog
    - RCT-Folly (= 2021.07.22.00)
    - React-Core/Default
    - React-cxxreact (= 0.71.6)
    - React-jsc
    - React-jsi (= 0.71.6)
    - React-jsiexecutor (= 0.71.6)
    - React-perflogger (= 0.71.6)
    - Yoga
  - React-Core/RCTWebSocket (0.71.6):
    - glog
    - RCT-Folly (= 2021.07.22.00)
    - React-Core/Default (= 0.71.6)
    - React-cxxreact (= 0.71.6)
    - React-jsc
    - React-jsi (= 0.71.6)
    - React-jsiexecutor (= 0.71.6)
    - React-perflogger (= 0.71.6)
    - Yoga
  - React-CoreModules (0.71.6):
    - RCT-Folly (= 2021.07.22.00)
    - RCTTypeSafety (= 0.71.6)
    - React-Codegen (= 0.71.6)
    - React-Core/CoreModulesHeaders (= 0.71.6)
    - React-jsi (= 0.71.6)
    - React-RCTBlob
    - React-RCTImage (= 0.71.6)
    - ReactCommon/turbomodule/core (= 0.71.6)
  - React-cxxreact (0.71.6):
    - boost (= 1.76.0)
    - DoubleConversion
    - glog
    - RCT-Folly (= 2021.07.22.00)
    - React-callinvoker (= 0.71.6)
    - React-jsi (= 0.71.6)
    - React-jsinspector (= 0.71.6)
    - React-logger (= 0.71.6)
    - React-perflogger (= 0.71.6)
    - React-runtimeexecutor (= 0.71.6)
  - React-jsc (0.71.6):
    - React-jsc/Fabric (= 0.71.6)
    - React-jsi (= 0.71.6)
  - React-jsc/Fabric (0.71.6):
    - React-jsi (= 0.71.6)
  - React-jsi (0.71.6):
    - boost (= 1.76.0)
    - DoubleConversion
    - glog
    - RCT-Folly (= 2021.07.22.00)
  - React-jsiexecutor (0.71.6):
    - DoubleConversion
    - glog
    - RCT-Folly (= 2021.07.22.00)
    - React-cxxreact (= 0.71.6)
    - React-jsi (= 0.71.6)
    - React-perflogger (= 0.71.6)
  - React-jsinspector (0.71.6)
  - React-logger (0.71.6):
    - glog
  - react-native-date-picker (4.3.5):
    - React-Core
  - react-native-fbsdk (3.0.0):
    - React
    - react-native-fbsdk/Core (= 3.0.0)
    - react-native-fbsdk/Login (= 3.0.0)
    - react-native-fbsdk/Share (= 3.0.0)
  - react-native-fbsdk/Core (3.0.0):
    - FBSDKCoreKit (~> 8.1)
    - React
  - react-native-fbsdk/Login (3.0.0):
    - FBSDKLoginKit (~> 8.1)
    - React
  - react-native-fbsdk/Share (3.0.0):
    - FBSDKShareKit (~> 8.1)
    - React
  - react-native-geolocation (3.1.0):
    - React-Core
  - react-native-maps (1.9.0):
    - React-Core
  - react-native-orientation-locker (1.6.0):
    - React-Core
  - react-native-safe-area-context (4.8.2):
    - React-Core
  - react-native-twilio-video-webrtc (3.2.0):
    - React
    - TwilioVideo (~> 4.6)
  - react-native-webview (13.6.4):
    - RCT-Folly (= 2021.07.22.00)
    - React-Core
  - React-perflogger (0.71.6)
  - React-RCTActionSheet (0.71.6):
    - React-Core/RCTActionSheetHeaders (= 0.71.6)
  - React-RCTAnimation (0.71.6):
    - RCT-Folly (= 2021.07.22.00)
    - RCTTypeSafety (= 0.71.6)
    - React-Codegen (= 0.71.6)
    - React-Core/RCTAnimationHeaders (= 0.71.6)
    - React-jsi (= 0.71.6)
    - ReactCommon/turbomodule/core (= 0.71.6)
  - React-RCTAppDelegate (0.71.6):
    - RCT-Folly
    - RCTRequired
    - RCTTypeSafety
    - React-Core
    - ReactCommon/turbomodule/core
  - React-RCTBlob (0.71.6):
    - RCT-Folly (= 2021.07.22.00)
    - React-Codegen (= 0.71.6)
    - React-Core/RCTBlobHeaders (= 0.71.6)
    - React-Core/RCTWebSocket (= 0.71.6)
    - React-jsi (= 0.71.6)
    - React-RCTNetwork (= 0.71.6)
    - ReactCommon/turbomodule/core (= 0.71.6)
  - React-RCTImage (0.71.6):
    - RCT-Folly (= 2021.07.22.00)
    - RCTTypeSafety (= 0.71.6)
    - React-Codegen (= 0.71.6)
    - React-Core/RCTImageHeaders (= 0.71.6)
    - React-jsi (= 0.71.6)
    - React-RCTNetwork (= 0.71.6)
    - ReactCommon/turbomodule/core (= 0.71.6)
  - React-RCTLinking (0.71.6):
    - React-Codegen (= 0.71.6)
    - React-Core/RCTLinkingHeaders (= 0.71.6)
    - React-jsi (= 0.71.6)
    - ReactCommon/turbomodule/core (= 0.71.6)
  - React-RCTNetwork (0.71.6):
    - RCT-Folly (= 2021.07.22.00)
    - RCTTypeSafety (= 0.71.6)
    - React-Codegen (= 0.71.6)
    - React-Core/RCTNetworkHeaders (= 0.71.6)
    - React-jsi (= 0.71.6)
    - ReactCommon/turbomodule/core (= 0.71.6)
  - React-RCTSettings (0.71.6):
    - RCT-Folly (= 2021.07.22.00)
    - RCTTypeSafety (= 0.71.6)
    - React-Codegen (= 0.71.6)
    - React-Core/RCTSettingsHeaders (= 0.71.6)
    - React-jsi (= 0.71.6)
    - ReactCommon/turbomodule/core (= 0.71.6)
  - React-RCTText (0.71.6):
    - React-Core/RCTTextHeaders (= 0.71.6)
  - React-RCTVibration (0.71.6):
    - RCT-Folly (= 2021.07.22.00)
    - React-Codegen (= 0.71.6)
    - React-Core/RCTVibrationHeaders (= 0.71.6)
    - React-jsi (= 0.71.6)
    - ReactCommon/turbomodule/core (= 0.71.6)
  - React-runtimeexecutor (0.71.6):
    - React-jsi (= 0.71.6)
  - ReactCommon/turbomodule/bridging (0.71.6):
    - DoubleConversion
    - glog
    - RCT-Folly (= 2021.07.22.00)
    - React-callinvoker (= 0.71.6)
    - React-Core (= 0.71.6)
    - React-cxxreact (= 0.71.6)
    - React-jsi (= 0.71.6)
    - React-logger (= 0.71.6)
    - React-perflogger (= 0.71.6)
  - ReactCommon/turbomodule/core (0.71.6):
    - DoubleConversion
    - glog
    - RCT-Folly (= 2021.07.22.00)
    - React-callinvoker (= 0.71.6)
    - React-Core (= 0.71.6)
    - React-cxxreact (= 0.71.6)
    - React-jsi (= 0.71.6)
    - React-logger (= 0.71.6)
    - React-perflogger (= 0.71.6)
  - ReactNativeGetLocation (3.0.1):
    - React-Core
  - RNAppleAuthentication (2.3.0):
    - React-Core
  - RNCAsyncStorage (1.12.1):
    - React-Core
  - RNCMaskedView (0.1.11):
    - React
  - RNCPicker (2.6.1):
    - React-Core
  - RNDateTimePicker (7.6.2):
    - React-Core
  - RNDeviceInfo (10.12.0):
    - React-Core
  - RNFBApp (18.7.3):
    - Firebase/CoreOnly (= 10.19.0)
    - React-Core
  - RNFBDynamicLinks (18.7.3):
    - Firebase/DynamicLinks (= 10.19.0)
    - GoogleUtilities/AppDelegateSwizzler
    - React-Core
    - RNFBApp
  - RNFBMessaging (18.7.3):
    - Firebase/Messaging (= 10.19.0)
    - FirebaseCoreExtension (= 10.19.0)
    - React-Core
    - RNFBApp
  - RNGestureHandler (2.14.0):
    - RCT-Folly (= 2021.07.22.00)
    - React-Core
  - RNGoogleSignin (9.1.0):
    - GoogleSignIn (~> 6.2)
    - React-Core
  - RNImageCropPicker (0.39.0):
    - React-Core
    - React-RCTImage
    - RNImageCropPicker/QBImagePickerController (= 0.39.0)
    - TOCropViewController
  - RNImageCropPicker/QBImagePickerController (0.39.0):
    - React-Core
    - React-RCTImage
    - TOCropViewController
  - RNReanimated (2.17.0):
    - DoubleConversion
    - FBLazyVector
    - FBReactNativeSpec
    - glog
    - RCT-Folly
    - RCTRequired
    - RCTTypeSafety
    - React-callinvoker
    - React-Core
    - React-Core/DevSupport
    - React-Core/RCTWebSocket
    - React-CoreModules
    - React-cxxreact
    - React-jsi
    - React-jsiexecutor
    - React-jsinspector
    - React-RCTActionSheet
    - React-RCTAnimation
    - React-RCTBlob
    - React-RCTImage
    - React-RCTLinking
    - React-RCTNetwork
    - React-RCTSettings
    - React-RCTText
    - ReactCommon/turbomodule/core
    - Yoga
  - RNScreens (3.29.0):
    - RCT-Folly (= 2021.07.22.00)
    - React-Core
  - RNSVG (13.14.0):
    - React-Core
  - RNVectorIcons (10.0.3):
    - RCT-Folly (= 2021.07.22.00)
    - React-Core
  - TOCropViewController (2.6.1)
  - TwilioVideo (4.6.3)
  - Yoga (1.14.0)

DEPENDENCIES:
  - boost (from `../node_modules/react-native/third-party-podspecs/boost.podspec`)
  - DoubleConversion (from `../node_modules/react-native/third-party-podspecs/DoubleConversion.podspec`)
  - FBLazyVector (from `../node_modules/react-native/Libraries/FBLazyVector`)
  - FBReactNativeSpec (from `../node_modules/react-native/React/FBReactNativeSpec`)
  - Firebase
  - FirebaseCore
  - glog (from `../node_modules/react-native/third-party-podspecs/glog.podspec`)
  - GoogleUtilities
  - lottie-react-native (from `../node_modules/lottie-react-native`)
  - RCT-Folly (from `../node_modules/react-native/third-party-podspecs/RCT-Folly.podspec`)
  - RCTRequired (from `../node_modules/react-native/Libraries/RCTRequired`)
  - RCTTypeSafety (from `../node_modules/react-native/Libraries/TypeSafety`)
  - React (from `../node_modules/react-native/`)
  - React-callinvoker (from `../node_modules/react-native/ReactCommon/callinvoker`)
  - React-Codegen (from `build/generated/ios`)
  - React-Core (from `../node_modules/react-native/`)
  - React-Core/RCTWebSocket (from `../node_modules/react-native/`)
  - React-CoreModules (from `../node_modules/react-native/React/CoreModules`)
  - React-cxxreact (from `../node_modules/react-native/ReactCommon/cxxreact`)
  - React-jsc (from `../node_modules/react-native/ReactCommon/jsc`)
  - React-jsi (from `../node_modules/react-native/ReactCommon/jsi`)
  - React-jsiexecutor (from `../node_modules/react-native/ReactCommon/jsiexecutor`)
  - React-jsinspector (from `../node_modules/react-native/ReactCommon/jsinspector`)
  - React-logger (from `../node_modules/react-native/ReactCommon/logger`)
  - react-native-date-picker (from `../node_modules/react-native-date-picker`)
  - react-native-fbsdk (from `../node_modules/react-native-fbsdk`)
  - "react-native-geolocation (from `../node_modules/@react-native-community/geolocation`)"
  - react-native-maps (from `../node_modules/react-native-maps`)
  - react-native-orientation-locker (from `../node_modules/react-native-orientation-locker`)
  - react-native-safe-area-context (from `../node_modules/react-native-safe-area-context`)
  - react-native-twilio-video-webrtc (from `../node_modules/react-native-twilio-video-webrtc`)
  - react-native-webview (from `../node_modules/react-native-webview`)
  - React-perflogger (from `../node_modules/react-native/ReactCommon/reactperflogger`)
  - React-RCTActionSheet (from `../node_modules/react-native/Libraries/ActionSheetIOS`)
  - React-RCTAnimation (from `../node_modules/react-native/Libraries/NativeAnimation`)
  - React-RCTAppDelegate (from `../node_modules/react-native/Libraries/AppDelegate`)
  - React-RCTBlob (from `../node_modules/react-native/Libraries/Blob`)
  - React-RCTImage (from `../node_modules/react-native/Libraries/Image`)
  - React-RCTLinking (from `../node_modules/react-native/Libraries/LinkingIOS`)
  - React-RCTNetwork (from `../node_modules/react-native/Libraries/Network`)
  - React-RCTSettings (from `../node_modules/react-native/Libraries/Settings`)
  - React-RCTText (from `../node_modules/react-native/Libraries/Text`)
  - React-RCTVibration (from `../node_modules/react-native/Libraries/Vibration`)
  - React-runtimeexecutor (from `../node_modules/react-native/ReactCommon/runtimeexecutor`)
  - ReactCommon/turbomodule/core (from `../node_modules/react-native/ReactCommon`)
  - ReactNativeGetLocation (from `../node_modules/react-native-get-location`)
  - "RNAppleAuthentication (from `../node_modules/@invertase/react-native-apple-authentication`)"
  - "RNCAsyncStorage (from `../node_modules/@react-native-community/async-storage`)"
  - "RNCMaskedView (from `../node_modules/@react-native-community/masked-view`)"
  - "RNCPicker (from `../node_modules/@react-native-picker/picker`)"
  - "RNDateTimePicker (from `../node_modules/@react-native-community/datetimepicker`)"
  - RNDeviceInfo (from `../node_modules/react-native-device-info`)
  - "RNFBApp (from `../node_modules/@react-native-firebase/app`)"
  - "RNFBDynamicLinks (from `../node_modules/@react-native-firebase/dynamic-links`)"
  - "RNFBMessaging (from `../node_modules/@react-native-firebase/messaging`)"
  - RNGestureHandler (from `../node_modules/react-native-gesture-handler`)
  - "RNGoogleSignin (from `../node_modules/@react-native-google-signin/google-signin`)"
  - RNImageCropPicker (from `../node_modules/react-native-image-crop-picker`)
  - RNReanimated (from `../node_modules/react-native-reanimated`)
  - RNScreens (from `../node_modules/react-native-screens`)
  - RNSVG (from `../node_modules/react-native-svg`)
  - RNVectorIcons (from `../node_modules/react-native-vector-icons`)
  - TwilioVideo
  - Yoga (from `../node_modules/react-native/ReactCommon/yoga`)

SPEC REPOS:
  trunk:
    - AppAuth
    - FBSDKCoreKit
    - FBSDKLoginKit
    - FBSDKShareKit
    - Firebase
    - FirebaseAnalytics
    - FirebaseCore
    - FirebaseCoreExtension
    - FirebaseCoreInternal
    - FirebaseDynamicLinks
    - FirebaseInstallations
    - FirebaseMessaging
    - fmt
    - GoogleAppMeasurement
    - GoogleDataTransport
    - GoogleSignIn
    - GoogleUtilities
    - GTMAppAuth
    - GTMSessionFetcher
    - lottie-ios
    - nanopb
    - PromisesObjC
    - TOCropViewController
    - TwilioVideo

EXTERNAL SOURCES:
  boost:
    :podspec: "../node_modules/react-native/third-party-podspecs/boost.podspec"
  DoubleConversion:
    :podspec: "../node_modules/react-native/third-party-podspecs/DoubleConversion.podspec"
  FBLazyVector:
    :path: "../node_modules/react-native/Libraries/FBLazyVector"
  FBReactNativeSpec:
    :path: "../node_modules/react-native/React/FBReactNativeSpec"
  glog:
    :podspec: "../node_modules/react-native/third-party-podspecs/glog.podspec"
  lottie-react-native:
    :path: "../node_modules/lottie-react-native"
  RCT-Folly:
    :podspec: "../node_modules/react-native/third-party-podspecs/RCT-Folly.podspec"
  RCTRequired:
    :path: "../node_modules/react-native/Libraries/RCTRequired"
  RCTTypeSafety:
    :path: "../node_modules/react-native/Libraries/TypeSafety"
  React:
    :path: "../node_modules/react-native/"
  React-callinvoker:
    :path: "../node_modules/react-native/ReactCommon/callinvoker"
  React-Codegen:
    :path: build/generated/ios
  React-Core:
    :path: "../node_modules/react-native/"
  React-CoreModules:
    :path: "../node_modules/react-native/React/CoreModules"
  React-cxxreact:
    :path: "../node_modules/react-native/ReactCommon/cxxreact"
  React-jsc:
    :path: "../node_modules/react-native/ReactCommon/jsc"
  React-jsi:
    :path: "../node_modules/react-native/ReactCommon/jsi"
  React-jsiexecutor:
    :path: "../node_modules/react-native/ReactCommon/jsiexecutor"
  React-jsinspector:
    :path: "../node_modules/react-native/ReactCommon/jsinspector"
  React-logger:
    :path: "../node_modules/react-native/ReactCommon/logger"
  react-native-date-picker:
    :path: "../node_modules/react-native-date-picker"
  react-native-fbsdk:
    :path: "../node_modules/react-native-fbsdk"
  react-native-geolocation:
    :path: "../node_modules/@react-native-community/geolocation"
  react-native-maps:
    :path: "../node_modules/react-native-maps"
  react-native-orientation-locker:
    :path: "../node_modules/react-native-orientation-locker"
  react-native-safe-area-context:
    :path: "../node_modules/react-native-safe-area-context"
  react-native-twilio-video-webrtc:
    :path: "../node_modules/react-native-twilio-video-webrtc"
  react-native-webview:
    :path: "../node_modules/react-native-webview"
  React-perflogger:
    :path: "../node_modules/react-native/ReactCommon/reactperflogger"
  React-RCTActionSheet:
    :path: "../node_modules/react-native/Libraries/ActionSheetIOS"
  React-RCTAnimation:
    :path: "../node_modules/react-native/Libraries/NativeAnimation"
  React-RCTAppDelegate:
    :path: "../node_modules/react-native/Libraries/AppDelegate"
  React-RCTBlob:
    :path: "../node_modules/react-native/Libraries/Blob"
  React-RCTImage:
    :path: "../node_modules/react-native/Libraries/Image"
  React-RCTLinking:
    :path: "../node_modules/react-native/Libraries/LinkingIOS"
  React-RCTNetwork:
    :path: "../node_modules/react-native/Libraries/Network"
  React-RCTSettings:
    :path: "../node_modules/react-native/Libraries/Settings"
  React-RCTText:
    :path: "../node_modules/react-native/Libraries/Text"
  React-RCTVibration:
    :path: "../node_modules/react-native/Libraries/Vibration"
  React-runtimeexecutor:
    :path: "../node_modules/react-native/ReactCommon/runtimeexecutor"
  ReactCommon:
    :path: "../node_modules/react-native/ReactCommon"
  ReactNativeGetLocation:
    :path: "../node_modules/react-native-get-location"
  RNAppleAuthentication:
    :path: "../node_modules/@invertase/react-native-apple-authentication"
  RNCAsyncStorage:
    :path: "../node_modules/@react-native-community/async-storage"
  RNCMaskedView:
    :path: "../node_modules/@react-native-community/masked-view"
  RNCPicker:
    :path: "../node_modules/@react-native-picker/picker"
  RNDateTimePicker:
    :path: "../node_modules/@react-native-community/datetimepicker"
  RNDeviceInfo:
    :path: "../node_modules/react-native-device-info"
  RNFBApp:
    :path: "../node_modules/@react-native-firebase/app"
  RNFBDynamicLinks:
    :path: "../node_modules/@react-native-firebase/dynamic-links"
  RNFBMessaging:
    :path: "../node_modules/@react-native-firebase/messaging"
  RNGestureHandler:
    :path: "../node_modules/react-native-gesture-handler"
  RNGoogleSignin:
    :path: "../node_modules/@react-native-google-signin/google-signin"
  RNImageCropPicker:
    :path: "../node_modules/react-native-image-crop-picker"
  RNReanimated:
    :path: "../node_modules/react-native-reanimated"
  RNScreens:
    :path: "../node_modules/react-native-screens"
  RNSVG:
    :path: "../node_modules/react-native-svg"
  RNVectorIcons:
    :path: "../node_modules/react-native-vector-icons"
  Yoga:
    :path: "../node_modules/react-native/ReactCommon/yoga"

SPEC CHECKSUMS:
  AppAuth: 3bb1d1cd9340bd09f5ed189fb00b1cc28e1e8570
  boost: 57d2868c099736d80fcd648bf211b4431e51a558
  DoubleConversion: 5189b271737e1565bdce30deb4a08d647e3f5f54
  FBLazyVector: a83ceaa8a8581003a623facdb3c44f6d4f342ac5
  FBReactNativeSpec: 85eee79837cb797ab6176f0243a2b40511c09158
  FBSDKCoreKit: 4afd6ff53d8133a433dbcda44451c9498f8c6ce4
  FBSDKLoginKit: 7181765f2524d7ebf82d9629066c8e6caafc99d0
  FBSDKShareKit: 0c0d51b3af47075a85ed9bea0e28b2fc70e3594b
  Firebase: 63ce8ece0d43743dc28eacac0c6867a2d7fd5a9d
  FirebaseAnalytics: 87513010b13b7c8610164d3602ea10571f76afc1
  FirebaseCore: dc5c7badf99d47613c52b2e3a57a64cd187f8554
  FirebaseCoreExtension: c08d14c7b22e07994e876d837e6f58642f340087
  FirebaseCoreInternal: 43c1788eaeee9d1b97caaa751af567ce11010d00
  FirebaseDynamicLinks: bd0455c62de367bb46605692af35e423fd7b3b69
  FirebaseInstallations: 390ea1d10a4d02b20c965cbfd527ee9b3b412acb
  FirebaseMessaging: d322bd030a0e97398bf134746e087b88e6ba0074
  fmt: ff9d55029c625d3757ed641535fd4a75fedc7ce9
  glog: 04b94705f318337d7ead9e6d17c019bd9b1f6b1b
  GoogleAppMeasurement: 68afe759316673c6554dac35a0c7ae8f5d6cb4ed
  GoogleDataTransport: 57c22343ab29bc686febbf7cbb13bad167c2d8fe
  GoogleSignIn: 5651ce3a61e56ca864160e79b484cd9ed3f49b7a
  GoogleUtilities: 0759d1a57ebb953965c2dfe0ba4c82e95ccc2e34
  GTMAppAuth: 0ff230db599948a9ad7470ca667337803b3fc4dd
  GTMSessionFetcher: 3a63d75eecd6aa32c2fc79f578064e1214dfdec2
  lottie-ios: 3d98679b41fa6fd6aff2352b3953dbd3df8a397e
  lottie-react-native: 9a3b9fa5780b96b421dce9d7ad8f8532406a7a85
  nanopb: d4d75c12cd1316f4a64e3c6963f879ecd4b5e0d5
  PromisesObjC: f5707f49cb48b9636751c5b2e7d227e43fba9f47
  RCT-Folly: 424b8c9a7a0b9ab2886ffe9c3b041ef628fd4fb1
  RCTRequired: 5c6fd63b03abb06947d348dadac51c93e3485bd8
  RCTTypeSafety: 1c66daedd66f674e39ce9f40782f0d490c78b175
  React: e11ca7cdc7aa4ddd7e6a59278b808cfe17ebbd9f
  React-callinvoker: 77a82869505c96945c074b80bbdc8df919646d51
  React-Codegen: c82a2e6d2ad883f00a89d4a80781090a8b1cc3ac
  React-Core: 9896746d1a42a10183cec8003867ae391d28a920
  React-CoreModules: 83d989defdfc82be1f7386f84a56b6509f54ac74
  React-cxxreact: 46e201a9824518a9e49bfb79729402b067a008ce
  React-jsc: f5f7312e31b875ddec3597c298ac013e5a644604
  React-jsi: 89bed41dd010026a1873450b9e79b2b5c804a468
  React-jsiexecutor: fbbbda979d16e09825cced680f799108bec2ab58
  React-jsinspector: d5ce2ef3eb8fd30c28389d0bc577918c70821bd6
  React-logger: 9332c3e7b4ef007a0211c0a9868253aac3e1da82
  react-native-date-picker: 90d1d60802a20085125657940b944f2bb4e5c113
  react-native-fbsdk: 8e92c7a334fd8d9c2b5d8b8fcd7ae2c314161099
  react-native-geolocation: ef66fb798d96284c6043f0b16c15d9d1d4955db4
  react-native-maps: 084fccedd6785bd41e85a13a26e8e6252a45b594
  react-native-orientation-locker: 4409c5b12b65f942e75449872b4f078b6f27af81
  react-native-safe-area-context: 0ee144a6170530ccc37a0fd9388e28d06f516a89
  react-native-twilio-video-webrtc: 55b6948742aac81f62ca692c97d055aa0206648f
  react-native-webview: 107961c73db53d66549c867a3b64eaa20d34c41f
  React-perflogger: 43392072a5b867a504e2b4857606f8fc5a403d7f
  React-RCTActionSheet: c7b67c125bebeda9fb19fc7b200d85cb9d6899c4
  React-RCTAnimation: c2de79906f607986633a7114bee44854e4c7e2f5
  React-RCTAppDelegate: 2660c1bfb98bf39f7954a076439430502ae220e2
  React-RCTBlob: f8ab8edbb0e4006d260fdda8963ec937192a7f48
  React-RCTImage: c6093f1bf3d67c0428d779b00390617d5bd90699
  React-RCTLinking: 5de47e37937889d22599af4b99d0552bad1b1c3c
  React-RCTNetwork: e7d7077e073b08e5dd486fba3fe87ccad90a9bc4
  React-RCTSettings: 72a04921b2e8fb832da7201a60ffffff2a7c62f7
  React-RCTText: 7123c70fef5367e2121fea37e65b9ad6d3747e54
  React-RCTVibration: 73d201599a64ea14b4e0b8f91b64970979fd92e6
  React-runtimeexecutor: 8692ac548bec648fa121980ccb4304afd136d584
  ReactCommon: e1067159764444e5db7c14e294d5cd79fb159c59
  ReactNativeGetLocation: d8e41c5d499fd26f308502405cadb1f59e6179d6
  RNAppleAuthentication: e99eaf3c4c01ad8ecb6125dd6f0cfd98871685b5
  RNCAsyncStorage: b03032fdbdb725bea0bd9e5ec5a7272865ae7398
  RNCMaskedView: 0e1bc4bfa8365eba5fbbb71e07fbdc0555249489
  RNCPicker: b18aaf30df596e9b1738e7c1f9ee55402a229dca
  RNDateTimePicker: fc2e4f2795877d45e84d85659bebe627eba5c931
  RNDeviceInfo: db5c64a060e66e5db3102d041ebe3ef307a85120
  RNFBApp: 5ee688b07ed0fa692a3a8fd07df6d6ae41e4c3a0
  RNFBDynamicLinks: da53ab706665e2e3db2d0371484f80067b200051
  RNFBMessaging: c839473d12cbe1b042b29898177033de4214e932
  RNGestureHandler: 32a01c29ecc9bb0b5bf7bc0a33547f61b4dc2741
  RNGoogleSignin: c15bdaa7e8a9e190b6169d9c96a4e8380a740f22
  RNImageCropPicker: 14fe1c29298fb4018f3186f455c475ab107da332
  RNReanimated: f186e85d9f28c9383d05ca39e11dd194f59093ec
  RNScreens: 3c5b9f4a9dcde752466854b6109b79c0e205dad3
  RNSVG: d00c8f91c3cbf6d476451313a18f04d220d4f396
  RNVectorIcons: 64e6a523ac30a3241efa9baf1ffbcc5e76ff747a
  TOCropViewController: edfd4f25713d56905ad1e0b9f5be3fbe0f59c863
  TwilioVideo: 4afaac028c5886f2f3b313a9fcc146a6b7ca34e2
  Yoga: ba09b6b11e6139e3df8229238aa794205ca6a02a

PODFILE CHECKSUM: 949d3e1201d6bda139dbc8ad64e62fbea4373f50

COCOAPODS: 1.14.3
